// !$*UTF8*$!
{
	archiveVersion = 1;
	classes = {
	};
	objectVersion = 50;
	objects = {

/* Begin PBXBuildFile section */
		38B16DF621597215009FE377 /* MPCHandler.m in Sources */ = {isa = PBXBuildFile; fileRef = 38B16DF521597215009FE377 /* MPCHandler.m */; };
		522E38382151731100AD682F /* AppDelegate.m in Sources */ = {isa = PBXBuildFile; fileRef = 522E38372151731100AD682F /* AppDelegate.m */; };
		522E383B2151731100AD682F /* ConnectViewController.m in Sources */ = {isa = PBXBuildFile; fileRef = 522E383A2151731100AD682F /* ConnectViewController.m */; };
		522E383E2151731100AD682F /* Main.storyboard in Resources */ = {isa = PBXBuildFile; fileRef = 522E383C2151731100AD682F /* Main.storyboard */; };
		522E38402151731200AD682F /* Assets.xcassets in Resources */ = {isa = PBXBuildFile; fileRef = 522E383F2151731200AD682F /* Assets.xcassets */; };
		522E38432151731200AD682F /* LaunchScreen.storyboard in Resources */ = {isa = PBXBuildFile; fileRef = 522E38412151731200AD682F /* LaunchScreen.storyboard */; };
		522E38462151731200AD682F /* main.m in Sources */ = {isa = PBXBuildFile; fileRef = 522E38452151731200AD682F /* main.m */; };
		522E3851215180EE00AD682F /* SetMicrophoneViewController.m in Sources */ = {isa = PBXBuildFile; fileRef = 522E3850215180EE00AD682F /* SetMicrophoneViewController.m */; };
		522E38542151810800AD682F /* ListeningViewController.m in Sources */ = {isa = PBXBuildFile; fileRef = 522E38532151810800AD682F /* ListeningViewController.m */; };
		5283E9AE215E5D40005338BA /* Nunito-Black.ttf in Resources */ = {isa = PBXBuildFile; fileRef = 5283E9AA215E5D0C005338BA /* Nunito-Black.ttf */; };
		5283E9AF215E5D44005338BA /* Nunito-BlackItalic.ttf in Resources */ = {isa = PBXBuildFile; fileRef = 5283E9AB215E5D0D005338BA /* Nunito-BlackItalic.ttf */; };
		5283E9B0215E5D47005338BA /* Nunito-Bold.ttf in Resources */ = {isa = PBXBuildFile; fileRef = 5283E9A4215E5D0C005338BA /* Nunito-Bold.ttf */; };
		5283E9B1215E5D4A005338BA /* Nunito-BoldItalic.ttf in Resources */ = {isa = PBXBuildFile; fileRef = 5283E9AC215E5D0D005338BA /* Nunito-BoldItalic.ttf */; };
		5283E9B2215E5D4D005338BA /* Nunito-ExtraBold.ttf in Resources */ = {isa = PBXBuildFile; fileRef = 5283E9A3215E5D0C005338BA /* Nunito-ExtraBold.ttf */; };
		5283E9B3215E5D50005338BA /* Nunito-ExtraBoldItalic.ttf in Resources */ = {isa = PBXBuildFile; fileRef = 5283E9A7215E5D0C005338BA /* Nunito-ExtraBoldItalic.ttf */; };
		5283E9B4215E5D53005338BA /* Nunito-ExtraLight.ttf in Resources */ = {isa = PBXBuildFile; fileRef = 5283E9AD215E5D0D005338BA /* Nunito-ExtraLight.ttf */; };
		5283E9B5215E5D56005338BA /* Nunito-ExtraLightItalic.ttf in Resources */ = {isa = PBXBuildFile; fileRef = 5283E9A2215E5D0C005338BA /* Nunito-ExtraLightItalic.ttf */; };
		5283E9B6215E5D5A005338BA /* Nunito-Italic.ttf in Resources */ = {isa = PBXBuildFile; fileRef = 5283E9A8215E5D0C005338BA /* Nunito-Italic.ttf */; };
		5283E9B7215E5D5C005338BA /* Nunito-Light.ttf in Resources */ = {isa = PBXBuildFile; fileRef = 5283E9A6215E5D0C005338BA /* Nunito-Light.ttf */; };
		5283E9B8215E5D5E005338BA /* Nunito-LightItalic.ttf in Resources */ = {isa = PBXBuildFile; fileRef = 5283E9A5215E5D0C005338BA /* Nunito-LightItalic.ttf */; };
		5283E9B9215E5D60005338BA /* Nunito-Regular.ttf in Resources */ = {isa = PBXBuildFile; fileRef = 5283E9A1215E5D0C005338BA /* Nunito-Regular.ttf */; };
		5283E9BA215E5D62005338BA /* Nunito-SemiBold.ttf in Resources */ = {isa = PBXBuildFile; fileRef = 5283E9A9215E5D0C005338BA /* Nunito-SemiBold.ttf */; };
		5283E9BB215E5D64005338BA /* Nunito-SemiBoldItalic.ttf in Resources */ = {isa = PBXBuildFile; fileRef = 5283E9A0215E5D0C005338BA /* Nunito-SemiBoldItalic.ttf */; };
		5283E9C0215E72C9005338BA /* Localizable.strings in Resources */ = {isa = PBXBuildFile; fileRef = 5283E9C2215E72C9005338BA /* Localizable.strings */; };
		528DB244215469D9007BE3E1 /* ResultsViewController.m in Sources */ = {isa = PBXBuildFile; fileRef = 528DB243215469D9007BE3E1 /* ResultsViewController.m */; };
/* End PBXBuildFile section */

/* Begin PBXFileReference section */
		38B16DF4215971FD009FE377 /* MPCHandler.h */ = {isa = PBXFileReference; fileEncoding = 4; lastKnownFileType = sourcecode.c.h; path = MPCHandler.h; sourceTree = "<group>"; };
		38B16DF521597215009FE377 /* MPCHandler.m */ = {isa = PBXFileReference; fileEncoding = 4; lastKnownFileType = sourcecode.c.objc; path = MPCHandler.m; sourceTree = "<group>"; };
		522E38332151731100AD682F /* ridiculusPhoneApp.app */ = {isa = PBXFileReference; explicitFileType = wrapper.application; includeInIndex = 0; path = ridiculusPhoneApp.app; sourceTree = BUILT_PRODUCTS_DIR; };
		522E38362151731100AD682F /* AppDelegate.h */ = {isa = PBXFileReference; lastKnownFileType = sourcecode.c.h; path = AppDelegate.h; sourceTree = "<group>"; };
		522E38372151731100AD682F /* AppDelegate.m */ = {isa = PBXFileReference; lastKnownFileType = sourcecode.c.objc; path = AppDelegate.m; sourceTree = "<group>"; };
		522E38392151731100AD682F /* ConnectViewController.h */ = {isa = PBXFileReference; lastKnownFileType = sourcecode.c.h; path = ConnectViewController.h; sourceTree = "<group>"; };
		522E383A2151731100AD682F /* ConnectViewController.m */ = {isa = PBXFileReference; lastKnownFileType = sourcecode.c.objc; path = ConnectViewController.m; sourceTree = "<group>"; };
		522E383D2151731100AD682F /* Base */ = {isa = PBXFileReference; lastKnownFileType = file.storyboard; name = Base; path = Base.lproj/Main.storyboard; sourceTree = "<group>"; };
		522E383F2151731200AD682F /* Assets.xcassets */ = {isa = PBXFileReference; lastKnownFileType = folder.assetcatalog; path = Assets.xcassets; sourceTree = "<group>"; };
		522E38422151731200AD682F /* Base */ = {isa = PBXFileReference; lastKnownFileType = file.storyboard; name = Base; path = Base.lproj/LaunchScreen.storyboard; sourceTree = "<group>"; };
		522E38442151731200AD682F /* Info.plist */ = {isa = PBXFileReference; lastKnownFileType = text.plist.xml; path = Info.plist; sourceTree = "<group>"; };
		522E38452151731200AD682F /* main.m */ = {isa = PBXFileReference; lastKnownFileType = sourcecode.c.objc; path = main.m; sourceTree = "<group>"; };
		522E384F215180EE00AD682F /* SetMicrophoneViewController.h */ = {isa = PBXFileReference; lastKnownFileType = sourcecode.c.h; path = SetMicrophoneViewController.h; sourceTree = "<group>"; };
		522E3850215180EE00AD682F /* SetMicrophoneViewController.m */ = {isa = PBXFileReference; lastKnownFileType = sourcecode.c.objc; path = SetMicrophoneViewController.m; sourceTree = "<group>"; };
		522E38522151810800AD682F /* ListeningViewController.h */ = {isa = PBXFileReference; lastKnownFileType = sourcecode.c.h; path = ListeningViewController.h; sourceTree = "<group>"; };
		522E38532151810800AD682F /* ListeningViewController.m */ = {isa = PBXFileReference; lastKnownFileType = sourcecode.c.objc; path = ListeningViewController.m; sourceTree = "<group>"; };
		5283E9A0215E5D0C005338BA /* Nunito-SemiBoldItalic.ttf */ = {isa = PBXFileReference; lastKnownFileType = file; path = "Nunito-SemiBoldItalic.ttf"; sourceTree = "<group>"; };
		5283E9A1215E5D0C005338BA /* Nunito-Regular.ttf */ = {isa = PBXFileReference; lastKnownFileType = file; path = "Nunito-Regular.ttf"; sourceTree = "<group>"; };
		5283E9A2215E5D0C005338BA /* Nunito-ExtraLightItalic.ttf */ = {isa = PBXFileReference; lastKnownFileType = file; path = "Nunito-ExtraLightItalic.ttf"; sourceTree = "<group>"; };
		5283E9A3215E5D0C005338BA /* Nunito-ExtraBold.ttf */ = {isa = PBXFileReference; lastKnownFileType = file; path = "Nunito-ExtraBold.ttf"; sourceTree = "<group>"; };
		5283E9A4215E5D0C005338BA /* Nunito-Bold.ttf */ = {isa = PBXFileReference; lastKnownFileType = file; path = "Nunito-Bold.ttf"; sourceTree = "<group>"; };
		5283E9A5215E5D0C005338BA /* Nunito-LightItalic.ttf */ = {isa = PBXFileReference; lastKnownFileType = file; path = "Nunito-LightItalic.ttf"; sourceTree = "<group>"; };
		5283E9A6215E5D0C005338BA /* Nunito-Light.ttf */ = {isa = PBXFileReference; lastKnownFileType = file; path = "Nunito-Light.ttf"; sourceTree = "<group>"; };
		5283E9A7215E5D0C005338BA /* Nunito-ExtraBoldItalic.ttf */ = {isa = PBXFileReference; lastKnownFileType = file; path = "Nunito-ExtraBoldItalic.ttf"; sourceTree = "<group>"; };
		5283E9A8215E5D0C005338BA /* Nunito-Italic.ttf */ = {isa = PBXFileReference; lastKnownFileType = file; path = "Nunito-Italic.ttf"; sourceTree = "<group>"; };
		5283E9A9215E5D0C005338BA /* Nunito-SemiBold.ttf */ = {isa = PBXFileReference; lastKnownFileType = file; path = "Nunito-SemiBold.ttf"; sourceTree = "<group>"; };
		5283E9AA215E5D0C005338BA /* Nunito-Black.ttf */ = {isa = PBXFileReference; lastKnownFileType = file; path = "Nunito-Black.ttf"; sourceTree = "<group>"; };
		5283E9AB215E5D0D005338BA /* Nunito-BlackItalic.ttf */ = {isa = PBXFileReference; lastKnownFileType = file; path = "Nunito-BlackItalic.ttf"; sourceTree = "<group>"; };
		5283E9AC215E5D0D005338BA /* Nunito-BoldItalic.ttf */ = {isa = PBXFileReference; lastKnownFileType = file; path = "Nunito-BoldItalic.ttf"; sourceTree = "<group>"; };
		5283E9AD215E5D0D005338BA /* Nunito-ExtraLight.ttf */ = {isa = PBXFileReference; lastKnownFileType = file; path = "Nunito-ExtraLight.ttf"; sourceTree = "<group>"; };
		5283E9BC215E71B1005338BA /* pt-BR */ = {isa = PBXFileReference; lastKnownFileType = text.plist.strings; name = "pt-BR"; path = "pt-BR.lproj/Main.strings"; sourceTree = "<group>"; };
		5283E9BD215E71B1005338BA /* pt-BR */ = {isa = PBXFileReference; lastKnownFileType = text.plist.strings; name = "pt-BR"; path = "pt-BR.lproj/LaunchScreen.strings"; sourceTree = "<group>"; };
		5283E9C1215E72C9005338BA /* pt-BR */ = {isa = PBXFileReference; lastKnownFileType = text.plist.strings; name = "pt-BR"; path = "pt-BR.lproj/Localizable.strings"; sourceTree = "<group>"; };
		528DB242215469D9007BE3E1 /* ResultsViewController.h */ = {isa = PBXFileReference; lastKnownFileType = sourcecode.c.h; path = ResultsViewController.h; sourceTree = "<group>"; };
		528DB243215469D9007BE3E1 /* ResultsViewController.m */ = {isa = PBXFileReference; lastKnownFileType = sourcecode.c.objc; path = ResultsViewController.m; sourceTree = "<group>"; };
/* End PBXFileReference section */

/* Begin PBXFrameworksBuildPhase section */
		522E38302151731100AD682F /* Frameworks */ = {
			isa = PBXFrameworksBuildPhase;
			buildActionMask = 2147483647;
			files = (
			);
			runOnlyForDeploymentPostprocessing = 0;
		};
/* End PBXFrameworksBuildPhase section */

/* Begin PBXGroup section */
		522E382A2151731100AD682F = {
			isa = PBXGroup;
			children = (
				5283E9C2215E72C9005338BA /* Localizable.strings */,
				522E38352151731100AD682F /* ridiculusPhoneApp */,
				5283E99F215E5CF7005338BA /* fonts */,
				522E38342151731100AD682F /* Products */,
			);
			sourceTree = "<group>";
		};
		522E38342151731100AD682F /* Products */ = {
			isa = PBXGroup;
			children = (
				522E38332151731100AD682F /* ridiculusPhoneApp.app */,
			);
			name = Products;
			sourceTree = "<group>";
		};
		522E38352151731100AD682F /* ridiculusPhoneApp */ = {
			isa = PBXGroup;
			children = (
				522E38362151731100AD682F /* AppDelegate.h */,
				522E38372151731100AD682F /* AppDelegate.m */,
				522E38392151731100AD682F /* ConnectViewController.h */,
				522E383A2151731100AD682F /* ConnectViewController.m */,
				522E383C2151731100AD682F /* Main.storyboard */,
				528DB242215469D9007BE3E1 /* ResultsViewController.h */,
				528DB243215469D9007BE3E1 /* ResultsViewController.m */,
				522E384F215180EE00AD682F /* SetMicrophoneViewController.h */,
				522E3850215180EE00AD682F /* SetMicrophoneViewController.m */,
				38B16DF4215971FD009FE377 /* MPCHandler.h */,
				38B16DF521597215009FE377 /* MPCHandler.m */,
				522E38522151810800AD682F /* ListeningViewController.h */,
				522E38532151810800AD682F /* ListeningViewController.m */,
				522E383F2151731200AD682F /* Assets.xcassets */,
				522E38412151731200AD682F /* LaunchScreen.storyboard */,
				522E38442151731200AD682F /* Info.plist */,
				522E38452151731200AD682F /* main.m */,
			);
			path = ridiculusPhoneApp;
			sourceTree = "<group>";
		};
		5283E99F215E5CF7005338BA /* fonts */ = {
			isa = PBXGroup;
			children = (
				5283E9AA215E5D0C005338BA /* Nunito-Black.ttf */,
				5283E9AB215E5D0D005338BA /* Nunito-BlackItalic.ttf */,
				5283E9A4215E5D0C005338BA /* Nunito-Bold.ttf */,
				5283E9AC215E5D0D005338BA /* Nunito-BoldItalic.ttf */,
				5283E9A3215E5D0C005338BA /* Nunito-ExtraBold.ttf */,
				5283E9A7215E5D0C005338BA /* Nunito-ExtraBoldItalic.ttf */,
				5283E9AD215E5D0D005338BA /* Nunito-ExtraLight.ttf */,
				5283E9A2215E5D0C005338BA /* Nunito-ExtraLightItalic.ttf */,
				5283E9A8215E5D0C005338BA /* Nunito-Italic.ttf */,
				5283E9A6215E5D0C005338BA /* Nunito-Light.ttf */,
				5283E9A5215E5D0C005338BA /* Nunito-LightItalic.ttf */,
				5283E9A1215E5D0C005338BA /* Nunito-Regular.ttf */,
				5283E9A9215E5D0C005338BA /* Nunito-SemiBold.ttf */,
				5283E9A0215E5D0C005338BA /* Nunito-SemiBoldItalic.ttf */,
			);
			path = fonts;
			sourceTree = "<group>";
		};
/* End PBXGroup section */

/* Begin PBXNativeTarget section */
		522E38322151731100AD682F /* ridiculusPhoneApp */ = {
			isa = PBXNativeTarget;
			buildConfigurationList = 522E38492151731200AD682F /* Build configuration list for PBXNativeTarget "ridiculusPhoneApp" */;
			buildPhases = (
				522E382F2151731100AD682F /* Sources */,
				522E38302151731100AD682F /* Frameworks */,
				522E38312151731100AD682F /* Resources */,
			);
			buildRules = (
			);
			dependencies = (
			);
			name = ridiculusPhoneApp;
			productName = ridiculusPhoneApp;
			productReference = 522E38332151731100AD682F /* ridiculusPhoneApp.app */;
			productType = "com.apple.product-type.application";
		};
/* End PBXNativeTarget section */

/* Begin PBXProject section */
		522E382B2151731100AD682F /* Project object */ = {
			isa = PBXProject;
			attributes = {
				LastUpgradeCheck = 0940;
				ORGANIZATIONNAME = "Penélope Araújo";
				TargetAttributes = {
					522E38322151731100AD682F = {
						CreatedOnToolsVersion = 9.4.1;
						LastSwiftMigration = 1000;
					};
				};
			};
			buildConfigurationList = 522E382E2151731100AD682F /* Build configuration list for PBXProject "ridiculusPhoneApp" */;
			compatibilityVersion = "Xcode 9.3";
			developmentRegion = en;
			hasScannedForEncodings = 0;
			knownRegions = (
				en,
				Base,
			);
			mainGroup = 522E382A2151731100AD682F;
			productRefGroup = 522E38342151731100AD682F /* Products */;
			projectDirPath = "";
			projectRoot = "";
			targets = (
				522E38322151731100AD682F /* ridiculusPhoneApp */,
			);
		};
/* End PBXProject section */

/* Begin PBXResourcesBuildPhase section */
		522E38312151731100AD682F /* Resources */ = {
			isa = PBXResourcesBuildPhase;
			buildActionMask = 2147483647;
			files = (
				5283E9BB215E5D64005338BA /* Nunito-SemiBoldItalic.ttf in Resources */,
				5283E9B9215E5D60005338BA /* Nunito-Regular.ttf in Resources */,
				522E38432151731200AD682F /* LaunchScreen.storyboard in Resources */,
				5283E9B6215E5D5A005338BA /* Nunito-Italic.ttf in Resources */,
				522E38402151731200AD682F /* Assets.xcassets in Resources */,
				5283E9B1215E5D4A005338BA /* Nunito-BoldItalic.ttf in Resources */,
				5283E9B8215E5D5E005338BA /* Nunito-LightItalic.ttf in Resources */,
				522E383E2151731100AD682F /* Main.storyboard in Resources */,
				5283E9AE215E5D40005338BA /* Nunito-Black.ttf in Resources */,
				5283E9BA215E5D62005338BA /* Nunito-SemiBold.ttf in Resources */,
				5283E9B0215E5D47005338BA /* Nunito-Bold.ttf in Resources */,
				5283E9AF215E5D44005338BA /* Nunito-BlackItalic.ttf in Resources */,
				5283E9B2215E5D4D005338BA /* Nunito-ExtraBold.ttf in Resources */,
				5283E9C0215E72C9005338BA /* Localizable.strings in Resources */,
				5283E9B7215E5D5C005338BA /* Nunito-Light.ttf in Resources */,
				5283E9B5215E5D56005338BA /* Nunito-ExtraLightItalic.ttf in Resources */,
				5283E9B3215E5D50005338BA /* Nunito-ExtraBoldItalic.ttf in Resources */,
				5283E9B4215E5D53005338BA /* Nunito-ExtraLight.ttf in Resources */,
			);
			runOnlyForDeploymentPostprocessing = 0;
		};
/* End PBXResourcesBuildPhase section */

/* Begin PBXSourcesBuildPhase section */
		522E382F2151731100AD682F /* Sources */ = {
			isa = PBXSourcesBuildPhase;
			buildActionMask = 2147483647;
			files = (
				38B16DF621597215009FE377 /* MPCHandler.m in Sources */,
				522E3851215180EE00AD682F /* SetMicrophoneViewController.m in Sources */,
				522E383B2151731100AD682F /* ConnectViewController.m in Sources */,
				522E38542151810800AD682F /* ListeningViewController.m in Sources */,
				528DB244215469D9007BE3E1 /* ResultsViewController.m in Sources */,
				522E38462151731200AD682F /* main.m in Sources */,
				522E38382151731100AD682F /* AppDelegate.m in Sources */,
			);
			runOnlyForDeploymentPostprocessing = 0;
		};
/* End PBXSourcesBuildPhase section */

/* Begin PBXVariantGroup section */
		522E383C2151731100AD682F /* Main.storyboard */ = {
			isa = PBXVariantGroup;
			children = (
				522E383D2151731100AD682F /* Base */,
				5283E9BC215E71B1005338BA /* pt-BR */,
			);
			name = Main.storyboard;
			sourceTree = "<group>";
		};
		522E38412151731200AD682F /* LaunchScreen.storyboard */ = {
			isa = PBXVariantGroup;
			children = (
				522E38422151731200AD682F /* Base */,
				5283E9BD215E71B1005338BA /* pt-BR */,
			);
			name = LaunchScreen.storyboard;
			sourceTree = "<group>";
		};
		5283E9C2215E72C9005338BA /* Localizable.strings */ = {
			isa = PBXVariantGroup;
			children = (
				5283E9C1215E72C9005338BA /* pt-BR */,
			);
			name = Localizable.strings;
			sourceTree = "<group>";
		};
/* End PBXVariantGroup section */

/* Begin XCBuildConfiguration section */
		522E38472151731200AD682F /* Debug */ = {
			isa = XCBuildConfiguration;
			buildSettings = {
				ALWAYS_SEARCH_USER_PATHS = NO;
				CLANG_ANALYZER_LOCALIZABILITY_NONLOCALIZED = YES;
				CLANG_ANALYZER_NONNULL = YES;
				CLANG_ANALYZER_NUMBER_OBJECT_CONVERSION = YES_AGGRESSIVE;
				CLANG_CXX_LANGUAGE_STANDARD = "gnu++14";
				CLANG_CXX_LIBRARY = "libc++";
				CLANG_ENABLE_MODULES = YES;
				CLANG_ENABLE_OBJC_ARC = YES;
				CLANG_ENABLE_OBJC_WEAK = YES;
				CLANG_WARN_BLOCK_CAPTURE_AUTORELEASING = YES;
				CLANG_WARN_BOOL_CONVERSION = YES;
				CLANG_WARN_COMMA = YES;
				CLANG_WARN_CONSTANT_CONVERSION = YES;
				CLANG_WARN_DEPRECATED_OBJC_IMPLEMENTATIONS = YES;
				CLANG_WARN_DIRECT_OBJC_ISA_USAGE = YES_ERROR;
				CLANG_WARN_DOCUMENTATION_COMMENTS = YES;
				CLANG_WARN_EMPTY_BODY = YES;
				CLANG_WARN_ENUM_CONVERSION = YES;
				CLANG_WARN_INFINITE_RECURSION = YES;
				CLANG_WARN_INT_CONVERSION = YES;
				CLANG_WARN_NON_LITERAL_NULL_CONVERSION = YES;
				CLANG_WARN_OBJC_IMPLICIT_RETAIN_SELF = YES;
				CLANG_WARN_OBJC_LITERAL_CONVERSION = YES;
				CLANG_WARN_OBJC_ROOT_CLASS = YES_ERROR;
				CLANG_WARN_RANGE_LOOP_ANALYSIS = YES;
				CLANG_WARN_STRICT_PROTOTYPES = YES;
				CLANG_WARN_SUSPICIOUS_MOVE = YES;
				CLANG_WARN_UNGUARDED_AVAILABILITY = YES_AGGRESSIVE;
				CLANG_WARN_UNREACHABLE_CODE = YES;
				CLANG_WARN__DUPLICATE_METHOD_MATCH = YES;
				CODE_SIGN_IDENTITY = "iPhone Developer";
				COPY_PHASE_STRIP = NO;
				DEBUG_INFORMATION_FORMAT = dwarf;
				ENABLE_STRICT_OBJC_MSGSEND = YES;
				ENABLE_TESTABILITY = YES;
				GCC_C_LANGUAGE_STANDARD = gnu11;
				GCC_DYNAMIC_NO_PIC = NO;
				GCC_NO_COMMON_BLOCKS = YES;
				GCC_OPTIMIZATION_LEVEL = 0;
				GCC_PREPROCESSOR_DEFINITIONS = (
					"DEBUG=1",
					"$(inherited)",
				);
				GCC_WARN_64_TO_32_BIT_CONVERSION = YES;
				GCC_WARN_ABOUT_RETURN_TYPE = YES_ERROR;
				GCC_WARN_UNDECLARED_SELECTOR = YES;
				GCC_WARN_UNINITIALIZED_AUTOS = YES_AGGRESSIVE;
				GCC_WARN_UNUSED_FUNCTION = YES;
				GCC_WARN_UNUSED_VARIABLE = YES;
				IPHONEOS_DEPLOYMENT_TARGET = 11.4;
				MTL_ENABLE_DEBUG_INFO = YES;
				ONLY_ACTIVE_ARCH = YES;
				SDKROOT = iphoneos;
			};
			name = Debug;
		};
		522E38482151731200AD682F /* Release */ = {
			isa = XCBuildConfiguration;
			buildSettings = {
				ALWAYS_SEARCH_USER_PATHS = NO;
				CLANG_ANALYZER_LOCALIZABILITY_NONLOCALIZED = YES;
				CLANG_ANALYZER_NONNULL = YES;
				CLANG_ANALYZER_NUMBER_OBJECT_CONVERSION = YES_AGGRESSIVE;
				CLANG_CXX_LANGUAGE_STANDARD = "gnu++14";
				CLANG_CXX_LIBRARY = "libc++";
				CLANG_ENABLE_MODULES = YES;
				CLANG_ENABLE_OBJC_ARC = YES;
				CLANG_ENABLE_OBJC_WEAK = YES;
				CLANG_WARN_BLOCK_CAPTURE_AUTORELEASING = YES;
				CLANG_WARN_BOOL_CONVERSION = YES;
				CLANG_WARN_COMMA = YES;
				CLANG_WARN_CONSTANT_CONVERSION = YES;
				CLANG_WARN_DEPRECATED_OBJC_IMPLEMENTATIONS = YES;
				CLANG_WARN_DIRECT_OBJC_ISA_USAGE = YES_ERROR;
				CLANG_WARN_DOCUMENTATION_COMMENTS = YES;
				CLANG_WARN_EMPTY_BODY = YES;
				CLANG_WARN_ENUM_CONVERSION = YES;
				CLANG_WARN_INFINITE_RECURSION = YES;
				CLANG_WARN_INT_CONVERSION = YES;
				CLANG_WARN_NON_LITERAL_NULL_CONVERSION = YES;
				CLANG_WARN_OBJC_IMPLICIT_RETAIN_SELF = YES;
				CLANG_WARN_OBJC_LITERAL_CONVERSION = YES;
				CLANG_WARN_OBJC_ROOT_CLASS = YES_ERROR;
				CLANG_WARN_RANGE_LOOP_ANALYSIS = YES;
				CLANG_WARN_STRICT_PROTOTYPES = YES;
				CLANG_WARN_SUSPICIOUS_MOVE = YES;
				CLANG_WARN_UNGUARDED_AVAILABILITY = YES_AGGRESSIVE;
				CLANG_WARN_UNREACHABLE_CODE = YES;
				CLANG_WARN__DUPLICATE_METHOD_MATCH = YES;
				CODE_SIGN_IDENTITY = "iPhone Developer";
				COPY_PHASE_STRIP = NO;
				DEBUG_INFORMATION_FORMAT = "dwarf-with-dsym";
				ENABLE_NS_ASSERTIONS = NO;
				ENABLE_STRICT_OBJC_MSGSEND = YES;
				GCC_C_LANGUAGE_STANDARD = gnu11;
				GCC_NO_COMMON_BLOCKS = YES;
				GCC_WARN_64_TO_32_BIT_CONVERSION = YES;
				GCC_WARN_ABOUT_RETURN_TYPE = YES_ERROR;
				GCC_WARN_UNDECLARED_SELECTOR = YES;
				GCC_WARN_UNINITIALIZED_AUTOS = YES_AGGRESSIVE;
				GCC_WARN_UNUSED_FUNCTION = YES;
				GCC_WARN_UNUSED_VARIABLE = YES;
				IPHONEOS_DEPLOYMENT_TARGET = 11.4;
				MTL_ENABLE_DEBUG_INFO = NO;
				SDKROOT = iphoneos;
				VALIDATE_PRODUCT = YES;
			};
			name = Release;
		};
		522E384A2151731200AD682F /* Debug */ = {
			isa = XCBuildConfiguration;
			buildSettings = {
				ASSETCATALOG_COMPILER_APPICON_NAME = AppIcon;
				CLANG_ENABLE_MODULES = YES;
				CODE_SIGN_STYLE = Automatic;
				DEVELOPMENT_TEAM = JM6RH6V5Z9;
				INFOPLIST_FILE = ridiculusPhoneApp/Info.plist;
				IPHONEOS_DEPLOYMENT_TARGET = 12.0;
				LD_RUNPATH_SEARCH_PATHS = (
					"$(inherited)",
					"@executable_path/Frameworks",
				);
				PRODUCT_BUNDLE_IDENTIFIER = br.ufpe.cin.ridiculusPhoneApp;
				PRODUCT_NAME = "$(TARGET_NAME)";
				SWIFT_OBJC_BRIDGING_HEADER = "ridiculusPhoneApp/ridiculusPhoneApp-Bridging-Header.h";
				SWIFT_OPTIMIZATION_LEVEL = "-Onone";
				SWIFT_VERSION = 4.2;
				TARGETED_DEVICE_FAMILY = "1,2";
			};
			name = Debug;
		};
		522E384B2151731200AD682F /* Release */ = {
			isa = XCBuildConfiguration;
			buildSettings = {
				ASSETCATALOG_COMPILER_APPICON_NAME = AppIcon;
				CLANG_ENABLE_MODULES = YES;
				CODE_SIGN_STYLE = Automatic;
				DEVELOPMENT_TEAM = JM6RH6V5Z9;
				INFOPLIST_FILE = ridiculusPhoneApp/Info.plist;
				IPHONEOS_DEPLOYMENT_TARGET = 12.0;
				LD_RUNPATH_SEARCH_PATHS = (
					"$(inherited)",
					"@executable_path/Frameworks",
				);
				PRODUCT_BUNDLE_IDENTIFIER = br.ufpe.cin.ridiculusPhoneApp;
				PRODUCT_NAME = "$(TARGET_NAME)";
				SWIFT_OBJC_BRIDGING_HEADER = "ridiculusPhoneApp/ridiculusPhoneApp-Bridging-Header.h";
				SWIFT_VERSION = 4.2;
				TARGETED_DEVICE_FAMILY = "1,2";
			};
			name = Release;
		};
/* End XCBuildConfiguration section */

/* Begin XCConfigurationList section */
		522E382E2151731100AD682F /* Build configuration list for PBXProject "ridiculusPhoneApp" */ = {
			isa = XCConfigurationList;
			buildConfigurations = (
				522E38472151731200AD682F /* Debug */,
				522E38482151731200AD682F /* Release */,
			);
			defaultConfigurationIsVisible = 0;
			defaultConfigurationName = Release;
		};
		522E38492151731200AD682F /* Build configuration list for PBXNativeTarget "ridiculusPhoneApp" */ = {
			isa = XCConfigurationList;
			buildConfigurations = (
				522E384A2151731200AD682F /* Debug */,
				522E384B2151731200AD682F /* Release */,
			);
			defaultConfigurationIsVisible = 0;
			defaultConfigurationName = Release;
		};
/* End XCConfigurationList section */
	};
	rootObject = 522E382B2151731100AD682F /* Project object */;
}
